
Microsoft Visual Studio Solution File, Format Version 12.00
# Visual Studio Version 16
VisualStudioVersion = 16.0.30114.105
MinimumVisualStudioVersion = 10.0.40219.1
Project("{FAE04EC0-301F-11D3-BF4B-00C04F79EFBC}") = "marsRover", "marsRover\marsRover.csproj", "{6C5D17D2-4193-43C8-92C3-9AAC3F6A3B50}"
EndProject
Project("{FAE04EC0-301F-11D3-BF4B-00C04F79EFBC}") = "marsRoverUnitTest", "marsRoverUnitTest\marsRoverUnitTest.csproj", "{22C9663D-E2A7-4BD3-ABC8-57CE26924886}"
EndProject
Global
	GlobalSection(SolutionConfigurationPlatforms) = preSolution
		Debug|Any CPU = Debug|Any CPU
		Debug|x64 = Debug|x64
		Debug|x86 = Debug|x86
		Release|Any CPU = Release|Any CPU
		Release|x64 = Release|x64
		Release|x86 = Release|x86
	EndGlobalSection
	GlobalSection(SolutionProperties) = preSolution
		HideSolutionNode = FALSE
	EndGlobalSection
	GlobalSection(ProjectConfigurationPlatforms) = postSolution
		{6C5D17D2-4193-43C8-92C3-9AAC3F6A3B50}.Debug|Any CPU.ActiveCfg = Debug|Any CPU
		{6C5D17D2-4193-43C8-92C3-9AAC3F6A3B50}.Debug|Any CPU.Build.0 = Debug|Any CPU
		{6C5D17D2-4193-43C8-92C3-9AAC3F6A3B50}.Debug|x64.ActiveCfg = Debug|Any CPU
		{6C5D17D2-4193-43C8-92C3-9AAC3F6A3B50}.Debug|x64.Build.0 = Debug|Any CPU
		{6C5D17D2-4193-43C8-92C3-9AAC3F6A3B50}.Debug|x86.ActiveCfg = Debug|Any CPU
		{6C5D17D2-4193-43C8-92C3-9AAC3F6A3B50}.Debug|x86.Build.0 = Debug|Any CPU
		{6C5D17D2-4193-43C8-92C3-9AAC3F6A3B50}.Release|Any CPU.ActiveCfg = Release|Any CPU
		{6C5D17D2-4193-43C8-92C3-9AAC3F6A3B50}.Release|Any CPU.Build.0 = Release|Any CPU
		{6C5D17D2-4193-43C8-92C3-9AAC3F6A3B50}.Release|x64.ActiveCfg = Release|Any CPU
		{6C5D17D2-4193-43C8-92C3-9AAC3F6A3B50}.Release|x64.Build.0 = Release|Any CPU
		{6C5D17D2-4193-43C8-92C3-9AAC3F6A3B50}.Release|x86.ActiveCfg = Release|Any CPU
		{6C5D17D2-4193-43C8-92C3-9AAC3F6A3B50}.Release|x86.Build.0 = Release|Any CPU
		{22C9663D-E2A7-4BD3-ABC8-57CE26924886}.Debug|Any CPU.ActiveCfg = Debug|Any CPU
		{22C9663D-E2A7-4BD3-ABC8-57CE26924886}.Debug|Any CPU.Build.0 = Debug|Any CPU
		{22C9663D-E2A7-4BD3-ABC8-57CE26924886}.Debug|x64.ActiveCfg = Debug|Any CPU
		{22C9663D-E2A7-4BD3-ABC8-57CE26924886}.Debug|x64.Build.0 = Debug|Any CPU
		{22C9663D-E2A7-4BD3-ABC8-57CE26924886}.Debug|x86.ActiveCfg = Debug|Any CPU
		{22C9663D-E2A7-4BD3-ABC8-57CE26924886}.Debug|x86.Build.0 = Debug|Any CPU
		{22C9663D-E2A7-4BD3-ABC8-57CE26924886}.Release|Any CPU.ActiveCfg = Release|Any CPU
		{22C9663D-E2A7-4BD3-ABC8-57CE26924886}.Release|Any CPU.Build.0 = Release|Any CPU
		{22C9663D-E2A7-4BD3-ABC8-57CE26924886}.Release|x64.ActiveCfg = Release|Any CPU
		{22C9663D-E2A7-4BD3-ABC8-57CE26924886}.Release|x64.Build.0 = Release|Any CPU
		{22C9663D-E2A7-4BD3-ABC8-57CE26924886}.Release|x86.ActiveCfg = Release|Any CPU
		{22C9663D-E2A7-4BD3-ABC8-57CE26924886}.Release|x86.Build.0 = Release|Any CPU
	EndGlobalSection
EndGlobal
